
Microsoft Visual Studio Solution File, Format Version 12.00
# Visual Studio Version 17
VisualStudioVersion = 17.0.32126.317
MinimumVisualStudioVersion = 10.0.40219.1
Project("{FAE04EC0-301F-11D3-BF4B-00C04F79EFBC}") = "3 raz", "3 raz\3 raz.csproj", "{1C0F5386-30CD-4874-89BC-409B625DA704}"
EndProject
Global
	GlobalSection(SolutionConfigurationPlatforms) = preSolution
		Debug|Any CPU = Debug|Any CPU
		Release|Any CPU = Release|Any CPU
	EndGlobalSection
	GlobalSection(ProjectConfigurationPlatforms) = postSolution
		{1C0F5386-30CD-4874-89BC-409B625DA704}.Debug|Any CPU.ActiveCfg = Debug|Any CPU
		{1C0F5386-30CD-4874-89BC-409B625DA704}.Debug|Any CPU.Build.0 = Debug|Any CPU
		{1C0F5386-30CD-4874-89BC-409B625DA704}.Release|Any CPU.ActiveCfg = Release|Any CPU
		{1C0F5386-30CD-4874-89BC-409B625DA704}.Release|Any CPU.Build.0 = Release|Any CPU
	EndGlobalSection
	GlobalSection(SolutionProperties) = preSolution
		HideSolutionNode = FALSE
	EndGlobalSection
	GlobalSection(ExtensibilityGlobals) = postSolution
		SolutionGuid = {AF053139-8160-4734-8475-E94A4202B1D9}
	EndGlobalSection
EndGlobal
